{
  "name": "os",
  "lockfileVersion": 3,
  "requires": true,
  "packages": {
    "": {
      "dependencies": {
        "@babel/standalone": "^8.0.2"
      }
    },
    "node_modules/@babel/standalone": {
      "version": "8.0.2",
      "resolved": "https://registry.npmjs.org/@babel/standalone/-/standalone-8.0.2.tgz",
      "integrity": "sha512-fxVjA+dyCXC6tZm8sp21egVF0WVpPRnJOhmfG4WavISe2otyfOLleh+owitHWMhILTdjd7W0mfpadS16cj8LBw==",
      "license": "MIT",
      "engines": {
        "node": "^22.18.0 || >=24.11.0"
      }
    }
  }
}
